// !$*UTF8*$!
{
	archiveVersion = 1;
	classes = {
	};
	objectVersion = 50;
	objects = {

/* Begin PBXBuildFile section */
		AA1DFAAD2210212900FE8C77 /* .gitignore in Resources */ = {isa = PBXBuildFile; fileRef = AA1DFAAC2210212900FE8C77 /* .gitignore */; };
		AA89DD01220CB201009DBFED /* AppDelegate.swift in Sources */ = {isa = PBXBuildFile; fileRef = AA89DD00220CB201009DBFED /* AppDelegate.swift */; };
		AA89DD03220CB201009DBFED /* ViewController.swift in Sources */ = {isa = PBXBuildFile; fileRef = AA89DD02220CB201009DBFED /* ViewController.swift */; };
		AA89DD06220CB201009DBFED /* Main.storyboard in Resources */ = {isa = PBXBuildFile; fileRef = AA89DD04220CB201009DBFED /* Main.storyboard */; };
		AA89DD08220CB202009DBFED /* Assets.xcassets in Resources */ = {isa = PBXBuildFile; fileRef = AA89DD07220CB202009DBFED /* Assets.xcassets */; };
		AA89DD0B220CB202009DBFED /* LaunchScreen.storyboard in Resources */ = {isa = PBXBuildFile; fileRef = AA89DD09220CB202009DBFED /* LaunchScreen.storyboard */; };
		AAF7CE70220F6EA100ACED00 /* SecondViewController.swift in Sources */ = {isa = PBXBuildFile; fileRef = AAF7CE6F220F6EA100ACED00 /* SecondViewController.swift */; };
/* End PBXBuildFile section */

/* Begin PBXFileReference section */
		AA1DFAAC2210212900FE8C77 /* .gitignore */ = {isa = PBXFileReference; lastKnownFileType = text; path = .gitignore; sourceTree = "<group>"; };
		AA89DCFD220CB201009DBFED /* firstHomeWork.app */ = {isa = PBXFileReference; explicitFileType = wrapper.application; includeInIndex = 0; path = firstHomeWork.app; sourceTree = BUILT_PRODUCTS_DIR; };
		AA89DD00220CB201009DBFED /* AppDelegate.swift */ = {isa = PBXFileReference; lastKnownFileType = sourcecode.swift; path = AppDelegate.swift; sourceTree = "<group>"; };
		AA89DD02220CB201009DBFED /* ViewController.swift */ = {isa = PBXFileReference; lastKnownFileType = sourcecode.swift; path = ViewController.swift; sourceTree = "<group>"; };
		AA89DD05220CB201009DBFED /* Base */ = {isa = PBXFileReference; lastKnownFileType = file.storyboard; name = Base; path = Base.lproj/Main.storyboard; sourceTree = "<group>"; };
		AA89DD07220CB202009DBFED /* Assets.xcassets */ = {isa = PBXFileReference; lastKnownFileType = folder.assetcatalog; path = Assets.xcassets; sourceTree = "<group>"; };
		AA89DD0A220CB202009DBFED /* Base */ = {isa = PBXFileReference; lastKnownFileType = file.storyboard; name = Base; path = Base.lproj/LaunchScreen.storyboard; sourceTree = "<group>"; };
		AA89DD0C220CB202009DBFED /* Info.plist */ = {isa = PBXFileReference; lastKnownFileType = text.plist.xml; path = Info.plist; sourceTree = "<group>"; };
		AAF7CE6F220F6EA100ACED00 /* SecondViewController.swift */ = {isa = PBXFileReference; lastKnownFileType = sourcecode.swift; path = SecondViewController.swift; sourceTree = "<group>"; };
/* End PBXFileReference section */

/* Begin PBXFrameworksBuildPhase section */
		AA89DCFA220CB201009DBFED /* Frameworks */ = {
			isa = PBXFrameworksBuildPhase;
			buildActionMask = 2147483647;
			files = (
			);
			runOnlyForDeploymentPostprocessing = 0;
		};
/* End PBXFrameworksBuildPhase section */

/* Begin PBXGroup section */
		AA89DCF4220CB201009DBFED = {
			isa = PBXGroup;
			children = (
				AA1DFAAC2210212900FE8C77 /* .gitignore */,
				AA89DCFF220CB201009DBFED /* firstHomeWork */,
				AA89DCFE220CB201009DBFED /* Products */,
			);
			sourceTree = "<group>";
		};
		AA89DCFE220CB201009DBFED /* Products */ = {
			isa = PBXGroup;
			children = (
				AA89DCFD220CB201009DBFED /* firstHomeWork.app */,
			);
			name = Products;
			sourceTree = "<group>";
		};
		AA89DCFF220CB201009DBFED /* firstHomeWork */ = {
			isa = PBXGroup;
			children = (
				AA89DD00220CB201009DBFED /* AppDelegate.swift */,
				AA89DD02220CB201009DBFED /* ViewController.swift */,
				AA89DD04220CB201009DBFED /* Main.storyboard */,
				AAF7CE6F220F6EA100ACED00 /* SecondViewController.swift */,
				AA89DD07220CB202009DBFED /* Assets.xcassets */,
				AA89DD09220CB202009DBFED /* LaunchScreen.storyboard */,
				AA89DD0C220CB202009DBFED /* Info.plist */,
			);
			path = firstHomeWork;
			sourceTree = "<group>";
		};
/* End PBXGroup section */

/* Begin PBXNativeTarget section */
		AA89DCFC220CB201009DBFED /* firstHomeWork */ = {
			isa = PBXNativeTarget;
			buildConfigurationList = AA89DD0F220CB202009DBFED /* Build configuration list for PBXNativeTarget "firstHomeWork" */;
			buildPhases = (
				AA89DCF9220CB201009DBFED /* Sources */,
				AA89DCFA220CB201009DBFED /* Frameworks */,
				AA89DCFB220CB201009DBFED /* Resources */,
			);
			buildRules = (
			);
			dependencies = (
			);
			name = firstHomeWork;
			productName = firstHomeWork;
			productReference = AA89DCFD220CB201009DBFED /* firstHomeWork.app */;
			productType = "com.apple.product-type.application";
		};
/* End PBXNativeTarget section */

/* Begin PBXProject section */
		AA89DCF5220CB201009DBFED /* Project object */ = {
			isa = PBXProject;
			attributes = {
				LastSwiftUpdateCheck = 1010;
				LastUpgradeCheck = 1010;
				ORGANIZATIONNAME = "Денис Сидоренко";
				TargetAttributes = {
					AA89DCFC220CB201009DBFED = {
						CreatedOnToolsVersion = 10.1;
					};
				};
			};
			buildConfigurationList = AA89DCF8220CB201009DBFED /* Build configuration list for PBXProject "firstHomeWork" */;
			compatibilityVersion = "Xcode 9.3";
			developmentRegion = en;
			hasScannedForEncodings = 0;
			knownRegions = (
				en,
				Base,
			);
			mainGroup = AA89DCF4220CB201009DBFED;
			productRefGroup = AA89DCFE220CB201009DBFED /* Products */;
			projectDirPath = "";
			projectRoot = "";
			targets = (
				AA89DCFC220CB201009DBFED /* firstHomeWork */,
			);
		};
/* End PBXProject section */

/* Begin PBXResourcesBuildPhase section */
		AA89DCFB220CB201009DBFED /* Resources */ = {
			isa = PBXResourcesBuildPhase;
			buildActionMask = 2147483647;
			files = (
				AA1DFAAD2210212900FE8C77 /* .gitignore in Resources */,
				AA89DD0B220CB202009DBFED /* LaunchScreen.storyboard in Resources */,
				AA89DD08220CB202009DBFED /* Assets.xcassets in Resources */,
				AA89DD06220CB201009DBFED /* Main.storyboard in Resources */,
			);
			runOnlyForDeploymentPostprocessing = 0;
		};
/* End PBXResourcesBuildPhase section */

/* Begin PBXSourcesBuildPhase section */
		AA89DCF9220CB201009DBFED /* Sources */ = {
			isa = PBXSourcesBuildPhase;
			buildActionMask = 2147483647;
			files = (
				AAF7CE70220F6EA100ACED00 /* SecondViewController.swift in Sources */,
				AA89DD03220CB201009DBFED /* ViewController.swift in Sources */,
				AA89DD01220CB201009DBFED /* AppDelegate.swift in Sources */,
			);
			runOnlyForDeploymentPostprocessing = 0;
		};
/* End PBXSourcesBuildPhase section */

/* Begin PBXVariantGroup section */
		AA89DD04220CB201009DBFED /* Main.storyboard */ = {
			isa = PBXVariantGroup;
			children = (
				AA89DD05220CB201009DBFED /* Base */,
			);
			name = Main.storyboard;
			sourceTree = "<group>";
		};
		AA89DD09220CB202009DBFED /* LaunchScreen.storyboard */ = {
			isa = PBXVariantGroup;
			children = (
				AA89DD0A220CB202009DBFED /* Base */,
			);
			name = LaunchScreen.storyboard;
			sourceTree = "<group>";
		};
/* End PBXVariantGroup section */

/* Begin XCBuildConfiguration section */
		AA89DD0D220CB202009DBFED /* Debug */ = {
			isa = XCBuildConfiguration;
			buildSettings = {
				ALWAYS_SEARCH_USER_PATHS = NO;
				CLANG_ANALYZER_NONNULL = YES;
				CLANG_ANALYZER_NUMBER_OBJECT_CONVERSION = YES_AGGRESSIVE;
				CLANG_CXX_LANGUAGE_STANDARD = "gnu++14";
				CLANG_CXX_LIBRARY = "libc++";
				CLANG_ENABLE_MODULES = YES;
				CLANG_ENABLE_OBJC_ARC = YES;
				CLANG_ENABLE_OBJC_WEAK = YES;
				CLANG_WARN_BLOCK_CAPTURE_AUTORELEASING = YES;
				CLANG_WARN_BOOL_CONVERSION = YES;
				CLANG_WARN_COMMA = YES;
				CLANG_WARN_CONSTANT_CONVERSION = YES;
				CLANG_WARN_DEPRECATED_OBJC_IMPLEMENTATIONS = YES;
				CLANG_WARN_DIRECT_OBJC_ISA_USAGE = YES_ERROR;
				CLANG_WARN_DOCUMENTATION_COMMENTS = YES;
				CLANG_WARN_EMPTY_BODY = YES;
				CLANG_WARN_ENUM_CONVERSION = YES;
				CLANG_WARN_INFINITE_RECURSION = YES;
				CLANG_WARN_INT_CONVERSION = YES;
				CLANG_WARN_NON_LITERAL_NULL_CONVERSION = YES;
				CLANG_WARN_OBJC_IMPLICIT_RETAIN_SELF = YES;
				CLANG_WARN_OBJC_LITERAL_CONVERSION = YES;
				CLANG_WARN_OBJC_ROOT_CLASS = YES_ERROR;
				CLANG_WARN_RANGE_LOOP_ANALYSIS = YES;
				CLANG_WARN_STRICT_PROTOTYPES = YES;
				CLANG_WARN_SUSPICIOUS_MOVE = YES;
				CLANG_WARN_UNGUARDED_AVAILABILITY = YES_AGGRESSIVE;
				CLANG_WARN_UNREACHABLE_CODE = YES;
				CLANG_WARN__DUPLICATE_METHOD_MATCH = YES;
				CODE_SIGN_IDENTITY = "iPhone Developer";
				COPY_PHASE_STRIP = NO;
				DEBUG_INFORMATION_FORMAT = dwarf;
				ENABLE_STRICT_OBJC_MSGSEND = YES;
				ENABLE_TESTABILITY = YES;
				GCC_C_LANGUAGE_STANDARD = gnu11;
				GCC_DYNAMIC_NO_PIC = NO;
				GCC_NO_COMMON_BLOCKS = YES;
				GCC_OPTIMIZATION_LEVEL = 0;
				GCC_PREPROCESSOR_DEFINITIONS = (
					"DEBUG=1",
					"$(inherited)",
				);
				GCC_WARN_64_TO_32_BIT_CONVERSION = YES;
				GCC_WARN_ABOUT_RETURN_TYPE = YES_ERROR;
				GCC_WARN_UNDECLARED_SELECTOR = YES;
				GCC_WARN_UNINITIALIZED_AUTOS = YES_AGGRESSIVE;
				GCC_WARN_UNUSED_FUNCTION = YES;
				GCC_WARN_UNUSED_VARIABLE = YES;
				IPHONEOS_DEPLOYMENT_TARGET = 12.1;
				MTL_ENABLE_DEBUG_INFO = INCLUDE_SOURCE;
				MTL_FAST_MATH = YES;
				ONLY_ACTIVE_ARCH = YES;
				SDKROOT = iphoneos;
				SWIFT_ACTIVE_COMPILATION_CONDITIONS = DEBUG;
				SWIFT_OPTIMIZATION_LEVEL = "-Onone";
			};
			name = Debug;
		};
		AA89DD0E220CB202009DBFED /* Release */ = {
			isa = XCBuildConfiguration;
			buildSettings = {
				ALWAYS_SEARCH_USER_PATHS = NO;
				CLANG_ANALYZER_NONNULL = YES;
				CLANG_ANALYZER_NUMBER_OBJECT_CONVERSION = YES_AGGRESSIVE;
				CLANG_CXX_LANGUAGE_STANDARD = "gnu++14";
				CLANG_CXX_LIBRARY = "libc++";
				CLANG_ENABLE_MODULES = YES;
				CLANG_ENABLE_OBJC_ARC = YES;
				CLANG_ENABLE_OBJC_WEAK = YES;
				CLANG_WARN_BLOCK_CAPTURE_AUTORELEASING = YES;
				CLANG_WARN_BOOL_CONVERSION = YES;
				CLANG_WARN_COMMA = YES;
				CLANG_WARN_CONSTANT_CONVERSION = YES;
				CLANG_WARN_DEPRECATED_OBJC_IMPLEMENTATIONS = YES;
				CLANG_WARN_DIRECT_OBJC_ISA_USAGE = YES_ERROR;
				CLANG_WARN_DOCUMENTATION_COMMENTS = YES;
				CLANG_WARN_EMPTY_BODY = YES;
				CLANG_WARN_ENUM_CONVERSION = YES;
				CLANG_WARN_INFINITE_RECURSION = YES;
				CLANG_WARN_INT_CONVERSION = YES;
				CLANG_WARN_NON_LITERAL_NULL_CONVERSION = YES;
				CLANG_WARN_OBJC_IMPLICIT_RETAIN_SELF = YES;
				CLANG_WARN_OBJC_LITERAL_CONVERSION = YES;
				CLANG_WARN_OBJC_ROOT_CLASS = YES_ERROR;
				CLANG_WARN_RANGE_LOOP_ANALYSIS = YES;
				CLANG_WARN_STRICT_PROTOTYPES = YES;
				CLANG_WARN_SUSPICIOUS_MOVE = YES;
				CLANG_WARN_UNGUARDED_AVAILABILITY = YES_AGGRESSIVE;
				CLANG_WARN_UNREACHABLE_CODE = YES;
				CLANG_WARN__DUPLICATE_METHOD_MATCH = YES;
				CODE_SIGN_IDENTITY = "iPhone Developer";
				COPY_PHASE_STRIP = NO;
				DEBUG_INFORMATION_FORMAT = "dwarf-with-dsym";
				ENABLE_NS_ASSERTIONS = NO;
				ENABLE_STRICT_OBJC_MSGSEND = YES;
				GCC_C_LANGUAGE_STANDARD = gnu11;
				GCC_NO_COMMON_BLOCKS = YES;
				GCC_WARN_64_TO_32_BIT_CONVERSION = YES;
				GCC_WARN_ABOUT_RETURN_TYPE = YES_ERROR;
				GCC_WARN_UNDECLARED_SELECTOR = YES;
				GCC_WARN_UNINITIALIZED_AUTOS = YES_AGGRESSIVE;
				GCC_WARN_UNUSED_FUNCTION = YES;
				GCC_WARN_UNUSED_VARIABLE = YES;
				IPHONEOS_DEPLOYMENT_TARGET = 12.1;
				MTL_ENABLE_DEBUG_INFO = NO;
				MTL_FAST_MATH = YES;
				SDKROOT = iphoneos;
				SWIFT_COMPILATION_MODE = wholemodule;
				SWIFT_OPTIMIZATION_LEVEL = "-O";
				VALIDATE_PRODUCT = YES;
			};
			name = Release;
		};
		AA89DD10220CB202009DBFED /* Debug */ = {
			isa = XCBuildConfiguration;
			buildSettings = {
				ASSETCATALOG_COMPILER_APPICON_NAME = AppIcon;
				CODE_SIGN_STYLE = Automatic;
				DEVELOPMENT_TEAM = QAR5YBA9QY;
				INFOPLIST_FILE = firstHomeWork/Info.plist;
				IPHONEOS_DEPLOYMENT_TARGET = 11.0;
				LD_RUNPATH_SEARCH_PATHS = (
					"$(inherited)",
					"@executable_path/Frameworks",
				);
				PRODUCT_BUNDLE_IDENTIFIER = hello.firstHomeWork;
				PRODUCT_NAME = "$(TARGET_NAME)";
				SWIFT_VERSION = 4.2;
				TARGETED_DEVICE_FAMILY = "1,2";
			};
			name = Debug;
		};
		AA89DD11220CB202009DBFED /* Release */ = {
			isa = XCBuildConfiguration;
			buildSettings = {
				ASSETCATALOG_COMPILER_APPICON_NAME = AppIcon;
				CODE_SIGN_STYLE = Automatic;
				DEVELOPMENT_TEAM = QAR5YBA9QY;
				INFOPLIST_FILE = firstHomeWork/Info.plist;
				IPHONEOS_DEPLOYMENT_TARGET = 11.0;
				LD_RUNPATH_SEARCH_PATHS = (
					"$(inherited)",
					"@executable_path/Frameworks",
				);
				PRODUCT_BUNDLE_IDENTIFIER = hello.firstHomeWork;
				PRODUCT_NAME = "$(TARGET_NAME)";
				SWIFT_VERSION = 4.2;
				TARGETED_DEVICE_FAMILY = "1,2";
			};
			name = Release;
		};
/* End XCBuildConfiguration section */

/* Begin XCConfigurationList section */
		AA89DCF8220CB201009DBFED /* Build configuration list for PBXProject "firstHomeWork" */ = {
			isa = XCConfigurationList;
			buildConfigurations = (
				AA89DD0D220CB202009DBFED /* Debug */,
				AA89DD0E220CB202009DBFED /* Release */,
			);
			defaultConfigurationIsVisible = 0;
			defaultConfigurationName = Release;
		};
		AA89DD0F220CB202009DBFED /* Build configuration list for PBXNativeTarget "firstHomeWork" */ = {
			isa = XCConfigurationList;
			buildConfigurations = (
				AA89DD10220CB202009DBFED /* Debug */,
				AA89DD11220CB202009DBFED /* Release */,
			);
			defaultConfigurationIsVisible = 0;
			defaultConfigurationName = Release;
		};
/* End XCConfigurationList section */
	};
	rootObject = AA89DCF5220CB201009DBFED /* Project object */;
}
